{
  "name": "app",
  "requires": true,
  "lockfileVersion": 1,
  "dependencies": {
    "n": {
      "version": "9.1.0",
      "resolved": "https://registry.npmjs.org/n/-/n-9.1.0.tgz",
      "integrity": "sha512-fFezMcaE/xD1UXIeC1vKgxzCrAwOjlj4AaX3x7slEdxA/NTQhFKK2JK7iU1d897xf5dJyv8HDrDzk83PEkaZAA=="
    },
    "stable": {
      "version": "0.1.8",
      "resolved": "https://registry.npmjs.org/stable/-/stable-0.1.8.tgz",
      "integrity": "sha512-ji9qxRnOVfcuLDySj9qzhGSEFVobyt1kIOSkj1qZzYLzq7Tos/oUUWvotUPQLlrsidqsK6tBH89Bc9kL5zHA6w=="
    }
  }
}
